// !$*UTF8*$!
{
	archiveVersion = 1;
	classes = {
	};
	objectVersion = 56;
	objects = {

/* Begin PBXBuildFile section */
		91013CCB2BCA8E0400105D5E /* StartAction.swift in Sources */ = {isa = PBXBuildFile; fileRef = 91013CCA2BCA8E0400105D5E /* StartAction.swift */; };
		91013CCD2BCA914100105D5E /* ActionMessages.swift in Sources */ = {isa = PBXBuildFile; fileRef = 91013CCC2BCA914100105D5E /* ActionMessages.swift */; };
		91586C352BC6C625002D1E2E /* main.swift in Sources */ = {isa = PBXBuildFile; fileRef = 91586C342BC6C625002D1E2E /* main.swift */; };
		91586C3C2BC6C86E002D1E2E /* Car.swift in Sources */ = {isa = PBXBuildFile; fileRef = 91586C3B2BC6C86E002D1E2E /* Car.swift */; };
		91586C3E2BC6C883002D1E2E /* CarBody.swift in Sources */ = {isa = PBXBuildFile; fileRef = 91586C3D2BC6C883002D1E2E /* CarBody.swift */; };
/* End PBXBuildFile section */

/* Begin PBXContainerItemProxy section */
		9145417E2BDE0F7A0032DC27 /* PBXContainerItemProxy */ = {
			isa = PBXContainerItemProxy;
			containerPortal = 914541752BDE0F760032DC27 /* homework-3.xcodeproj */;
			proxyType = 2;
			remoteGlobalIDString = 9145415E2BDE0D060032DC27;
			remoteInfo = "homework-3";
		};
/* End PBXContainerItemProxy section */

/* Begin PBXCopyFilesBuildPhase section */
		91586C2F2BC6C625002D1E2E /* CopyFiles */ = {
			isa = PBXCopyFilesBuildPhase;
			buildActionMask = 2147483647;
			dstPath = /usr/share/man/man1/;
			dstSubfolderSpec = 0;
			files = (
			);
			runOnlyForDeploymentPostprocessing = 1;
		};
/* End PBXCopyFilesBuildPhase section */

/* Begin PBXFileReference section */
		91013CCA2BCA8E0400105D5E /* StartAction.swift */ = {isa = PBXFileReference; lastKnownFileType = sourcecode.swift; path = StartAction.swift; sourceTree = "<group>"; };
		91013CCC2BCA914100105D5E /* ActionMessages.swift */ = {isa = PBXFileReference; lastKnownFileType = sourcecode.swift; path = ActionMessages.swift; sourceTree = "<group>"; };
		914541752BDE0F760032DC27 /* homework-3.xcodeproj */ = {isa = PBXFileReference; lastKnownFileType = "wrapper.pb-project"; name = "homework-3.xcodeproj"; path = "../../homework-3/homework-3.xcodeproj"; sourceTree = "<group>"; };
		91586C312BC6C625002D1E2E /* homework-1 */ = {isa = PBXFileReference; explicitFileType = "compiled.mach-o.executable"; includeInIndex = 0; path = "homework-1"; sourceTree = BUILT_PRODUCTS_DIR; };
		91586C342BC6C625002D1E2E /* main.swift */ = {isa = PBXFileReference; lastKnownFileType = sourcecode.swift; path = main.swift; sourceTree = "<group>"; };
		91586C3B2BC6C86E002D1E2E /* Car.swift */ = {isa = PBXFileReference; lastKnownFileType = sourcecode.swift; path = Car.swift; sourceTree = "<group>"; };
		91586C3D2BC6C883002D1E2E /* CarBody.swift */ = {isa = PBXFileReference; lastKnownFileType = sourcecode.swift; path = CarBody.swift; sourceTree = "<group>"; };
/* End PBXFileReference section */

/* Begin PBXFrameworksBuildPhase section */
		91586C2E2BC6C625002D1E2E /* Frameworks */ = {
			isa = PBXFrameworksBuildPhase;
			buildActionMask = 2147483647;
			files = (
			);
			runOnlyForDeploymentPostprocessing = 0;
		};
/* End PBXFrameworksBuildPhase section */

/* Begin PBXGroup section */
		9145417B2BDE0F7A0032DC27 /* Products */ = {
			isa = PBXGroup;
			children = (
				9145417F2BDE0F7A0032DC27 /* homework-3.app */,
			);
			name = Products;
			sourceTree = "<group>";
		};
		91586C282BC6C625002D1E2E = {
			isa = PBXGroup;
			children = (
				91586C332BC6C625002D1E2E /* homework-1 */,
				91586C322BC6C625002D1E2E /* Products */,
			);
			sourceTree = "<group>";
		};
		91586C322BC6C625002D1E2E /* Products */ = {
			isa = PBXGroup;
			children = (
				91586C312BC6C625002D1E2E /* homework-1 */,
			);
			name = Products;
			sourceTree = "<group>";
		};
		91586C332BC6C625002D1E2E /* homework-1 */ = {
			isa = PBXGroup;
			children = (
				914541752BDE0F760032DC27 /* homework-3.xcodeproj */,
				91586C342BC6C625002D1E2E /* main.swift */,
				91586C3B2BC6C86E002D1E2E /* Car.swift */,
				91586C3D2BC6C883002D1E2E /* CarBody.swift */,
				91013CCA2BCA8E0400105D5E /* StartAction.swift */,
				91013CCC2BCA914100105D5E /* ActionMessages.swift */,
			);
			path = "homework-1";
			sourceTree = "<group>";
		};
/* End PBXGroup section */

/* Begin PBXNativeTarget section */
		91586C302BC6C625002D1E2E /* homework-1 */ = {
			isa = PBXNativeTarget;
			buildConfigurationList = 91586C382BC6C625002D1E2E /* Build configuration list for PBXNativeTarget "homework-1" */;
			buildPhases = (
				91586C2D2BC6C625002D1E2E /* Sources */,
				91586C2E2BC6C625002D1E2E /* Frameworks */,
				91586C2F2BC6C625002D1E2E /* CopyFiles */,
			);
			buildRules = (
			);
			dependencies = (
			);
			name = "homework-1";
			productName = "homework-1";
			productReference = 91586C312BC6C625002D1E2E /* homework-1 */;
			productType = "com.apple.product-type.tool";
		};
/* End PBXNativeTarget section */

/* Begin PBXProject section */
		91586C292BC6C625002D1E2E /* Project object */ = {
			isa = PBXProject;
			attributes = {
				BuildIndependentTargetsInParallel = 1;
				LastSwiftUpdateCheck = 1500;
				LastUpgradeCheck = 1500;
				TargetAttributes = {
					91586C302BC6C625002D1E2E = {
						CreatedOnToolsVersion = 15.0;
					};
				};
			};
			buildConfigurationList = 91586C2C2BC6C625002D1E2E /* Build configuration list for PBXProject "homework-1" */;
			compatibilityVersion = "Xcode 14.0";
			developmentRegion = en;
			hasScannedForEncodings = 0;
			knownRegions = (
				en,
				Base,
			);
			mainGroup = 91586C282BC6C625002D1E2E;
			productRefGroup = 91586C322BC6C625002D1E2E /* Products */;
			projectDirPath = "";
			projectReferences = (
				{
					ProductGroup = 9145417B2BDE0F7A0032DC27 /* Products */;
					ProjectRef = 914541752BDE0F760032DC27 /* homework-3.xcodeproj */;
				},
			);
			projectRoot = "";
			targets = (
				91586C302BC6C625002D1E2E /* homework-1 */,
			);
		};
/* End PBXProject section */

/* Begin PBXReferenceProxy section */
		9145417F2BDE0F7A0032DC27 /* homework-3.app */ = {
			isa = PBXReferenceProxy;
			fileType = wrapper.application;
			path = "homework-3.app";
			remoteRef = 9145417E2BDE0F7A0032DC27 /* PBXContainerItemProxy */;
			sourceTree = BUILT_PRODUCTS_DIR;
		};
/* End PBXReferenceProxy section */

/* Begin PBXSourcesBuildPhase section */
		91586C2D2BC6C625002D1E2E /* Sources */ = {
			isa = PBXSourcesBuildPhase;
			buildActionMask = 2147483647;
			files = (
				91586C3C2BC6C86E002D1E2E /* Car.swift in Sources */,
				91013CCB2BCA8E0400105D5E /* StartAction.swift in Sources */,
				91586C352BC6C625002D1E2E /* main.swift in Sources */,
				91013CCD2BCA914100105D5E /* ActionMessages.swift in Sources */,
				91586C3E2BC6C883002D1E2E /* CarBody.swift in Sources */,
			);
			runOnlyForDeploymentPostprocessing = 0;
		};
/* End PBXSourcesBuildPhase section */

/* Begin XCBuildConfiguration section */
		91586C362BC6C625002D1E2E /* Debug */ = {
			isa = XCBuildConfiguration;
			buildSettings = {
				ALWAYS_SEARCH_USER_PATHS = NO;
				ASSETCATALOG_COMPILER_GENERATE_SWIFT_ASSET_SYMBOL_EXTENSIONS = YES;
				CLANG_ANALYZER_NONNULL = YES;
				CLANG_ANALYZER_NUMBER_OBJECT_CONVERSION = YES_AGGRESSIVE;
				CLANG_CXX_LANGUAGE_STANDARD = "gnu++20";
				CLANG_ENABLE_MODULES = YES;
				CLANG_ENABLE_OBJC_ARC = YES;
				CLANG_ENABLE_OBJC_WEAK = YES;
				CLANG_WARN_BLOCK_CAPTURE_AUTORELEASING = YES;
				CLANG_WARN_BOOL_CONVERSION = YES;
				CLANG_WARN_COMMA = YES;
				CLANG_WARN_CONSTANT_CONVERSION = YES;
				CLANG_WARN_DEPRECATED_OBJC_IMPLEMENTATIONS = YES;
				CLANG_WARN_DIRECT_OBJC_ISA_USAGE = YES_ERROR;
				CLANG_WARN_DOCUMENTATION_COMMENTS = YES;
				CLANG_WARN_EMPTY_BODY = YES;
				CLANG_WARN_ENUM_CONVERSION = YES;
				CLANG_WARN_INFINITE_RECURSION = YES;
				CLANG_WARN_INT_CONVERSION = YES;
				CLANG_WARN_NON_LITERAL_NULL_CONVERSION = YES;
				CLANG_WARN_OBJC_IMPLICIT_RETAIN_SELF = YES;
				CLANG_WARN_OBJC_LITERAL_CONVERSION = YES;
				CLANG_WARN_OBJC_ROOT_CLASS = YES_ERROR;
				CLANG_WARN_QUOTED_INCLUDE_IN_FRAMEWORK_HEADER = YES;
				CLANG_WARN_RANGE_LOOP_ANALYSIS = YES;
				CLANG_WARN_STRICT_PROTOTYPES = YES;
				CLANG_WARN_SUSPICIOUS_MOVE = YES;
				CLANG_WARN_UNGUARDED_AVAILABILITY = YES_AGGRESSIVE;
				CLANG_WARN_UNREACHABLE_CODE = YES;
				CLANG_WARN__DUPLICATE_METHOD_MATCH = YES;
				COPY_PHASE_STRIP = NO;
				DEBUG_INFORMATION_FORMAT = dwarf;
				ENABLE_STRICT_OBJC_MSGSEND = YES;
				ENABLE_TESTABILITY = YES;
				ENABLE_USER_SCRIPT_SANDBOXING = YES;
				GCC_C_LANGUAGE_STANDARD = gnu17;
				GCC_DYNAMIC_NO_PIC = NO;
				GCC_NO_COMMON_BLOCKS = YES;
				GCC_OPTIMIZATION_LEVEL = 0;
				GCC_PREPROCESSOR_DEFINITIONS = (
					"DEBUG=1",
					"$(inherited)",
				);
				GCC_WARN_64_TO_32_BIT_CONVERSION = YES;
				GCC_WARN_ABOUT_RETURN_TYPE = YES_ERROR;
				GCC_WARN_UNDECLARED_SELECTOR = YES;
				GCC_WARN_UNINITIALIZED_AUTOS = YES_AGGRESSIVE;
				GCC_WARN_UNUSED_FUNCTION = YES;
				GCC_WARN_UNUSED_VARIABLE = YES;
				LOCALIZATION_PREFERS_STRING_CATALOGS = YES;
				MACOSX_DEPLOYMENT_TARGET = 14.0;
				MTL_ENABLE_DEBUG_INFO = INCLUDE_SOURCE;
				MTL_FAST_MATH = YES;
				ONLY_ACTIVE_ARCH = YES;
				SDKROOT = macosx;
				SWIFT_ACTIVE_COMPILATION_CONDITIONS = "DEBUG $(inherited)";
				SWIFT_OPTIMIZATION_LEVEL = "-Onone";
			};
			name = Debug;
		};
		91586C372BC6C625002D1E2E /* Release */ = {
			isa = XCBuildConfiguration;
			buildSettings = {
				ALWAYS_SEARCH_USER_PATHS = NO;
				ASSETCATALOG_COMPILER_GENERATE_SWIFT_ASSET_SYMBOL_EXTENSIONS = YES;
				CLANG_ANALYZER_NONNULL = YES;
				CLANG_ANALYZER_NUMBER_OBJECT_CONVERSION = YES_AGGRESSIVE;
				CLANG_CXX_LANGUAGE_STANDARD = "gnu++20";
				CLANG_ENABLE_MODULES = YES;
				CLANG_ENABLE_OBJC_ARC = YES;
				CLANG_ENABLE_OBJC_WEAK = YES;
				CLANG_WARN_BLOCK_CAPTURE_AUTORELEASING = YES;
				CLANG_WARN_BOOL_CONVERSION = YES;
				CLANG_WARN_COMMA = YES;
				CLANG_WARN_CONSTANT_CONVERSION = YES;
				CLANG_WARN_DEPRECATED_OBJC_IMPLEMENTATIONS = YES;
				CLANG_WARN_DIRECT_OBJC_ISA_USAGE = YES_ERROR;
				CLANG_WARN_DOCUMENTATION_COMMENTS = YES;
				CLANG_WARN_EMPTY_BODY = YES;
				CLANG_WARN_ENUM_CONVERSION = YES;
				CLANG_WARN_INFINITE_RECURSION = YES;
				CLANG_WARN_INT_CONVERSION = YES;
				CLANG_WARN_NON_LITERAL_NULL_CONVERSION = YES;
				CLANG_WARN_OBJC_IMPLICIT_RETAIN_SELF = YES;
				CLANG_WARN_OBJC_LITERAL_CONVERSION = YES;
				CLANG_WARN_OBJC_ROOT_CLASS = YES_ERROR;
				CLANG_WARN_QUOTED_INCLUDE_IN_FRAMEWORK_HEADER = YES;
				CLANG_WARN_RANGE_LOOP_ANALYSIS = YES;
				CLANG_WARN_STRICT_PROTOTYPES = YES;
				CLANG_WARN_SUSPICIOUS_MOVE = YES;
				CLANG_WARN_UNGUARDED_AVAILABILITY = YES_AGGRESSIVE;
				CLANG_WARN_UNREACHABLE_CODE = YES;
				CLANG_WARN__DUPLICATE_METHOD_MATCH = YES;
				COPY_PHASE_STRIP = NO;
				DEBUG_INFORMATION_FORMAT = "dwarf-with-dsym";
				ENABLE_NS_ASSERTIONS = NO;
				ENABLE_STRICT_OBJC_MSGSEND = YES;
				ENABLE_USER_SCRIPT_SANDBOXING = YES;
				GCC_C_LANGUAGE_STANDARD = gnu17;
				GCC_NO_COMMON_BLOCKS = YES;
				GCC_WARN_64_TO_32_BIT_CONVERSION = YES;
				GCC_WARN_ABOUT_RETURN_TYPE = YES_ERROR;
				GCC_WARN_UNDECLARED_SELECTOR = YES;
				GCC_WARN_UNINITIALIZED_AUTOS = YES_AGGRESSIVE;
				GCC_WARN_UNUSED_FUNCTION = YES;
				GCC_WARN_UNUSED_VARIABLE = YES;
				LOCALIZATION_PREFERS_STRING_CATALOGS = YES;
				MACOSX_DEPLOYMENT_TARGET = 14.0;
				MTL_ENABLE_DEBUG_INFO = NO;
				MTL_FAST_MATH = YES;
				SDKROOT = macosx;
				SWIFT_COMPILATION_MODE = wholemodule;
			};
			name = Release;
		};
		91586C392BC6C625002D1E2E /* Debug */ = {
			isa = XCBuildConfiguration;
			buildSettings = {
				CODE_SIGN_STYLE = Automatic;
				DEVELOPMENT_TEAM = FV5M76HD5M;
				ENABLE_HARDENED_RUNTIME = YES;
				PRODUCT_NAME = "$(TARGET_NAME)";
				SWIFT_VERSION = 5.0;
			};
			name = Debug;
		};
		91586C3A2BC6C625002D1E2E /* Release */ = {
			isa = XCBuildConfiguration;
			buildSettings = {
				CODE_SIGN_STYLE = Automatic;
				DEVELOPMENT_TEAM = FV5M76HD5M;
				ENABLE_HARDENED_RUNTIME = YES;
				PRODUCT_NAME = "$(TARGET_NAME)";
				SWIFT_VERSION = 5.0;
			};
			name = Release;
		};
/* End XCBuildConfiguration section */

/* Begin XCConfigurationList section */
		91586C2C2BC6C625002D1E2E /* Build configuration list for PBXProject "homework-1" */ = {
			isa = XCConfigurationList;
			buildConfigurations = (
				91586C362BC6C625002D1E2E /* Debug */,
				91586C372BC6C625002D1E2E /* Release */,
			);
			defaultConfigurationIsVisible = 0;
			defaultConfigurationName = Release;
		};
		91586C382BC6C625002D1E2E /* Build configuration list for PBXNativeTarget "homework-1" */ = {
			isa = XCConfigurationList;
			buildConfigurations = (
				91586C392BC6C625002D1E2E /* Debug */,
				91586C3A2BC6C625002D1E2E /* Release */,
			);
			defaultConfigurationIsVisible = 0;
			defaultConfigurationName = Release;
		};
/* End XCConfigurationList section */
	};
	rootObject = 91586C292BC6C625002D1E2E /* Project object */;
}
