// !$*UTF8*$!
{
	archiveVersion = 1;
	classes = {
	};
	objectVersion = 56;
	objects = {

/* Begin PBXBuildFile section */
		91DA329A2C1D81DD00A7479C /* AppDelegate.swift in Sources */ = {isa = PBXBuildFile; fileRef = 91DA32992C1D81DD00A7479C /* AppDelegate.swift */; };
		91DA329C2C1D81DD00A7479C /* SceneDelegate.swift in Sources */ = {isa = PBXBuildFile; fileRef = 91DA329B2C1D81DD00A7479C /* SceneDelegate.swift */; };
		91DA32A32C1D81DE00A7479C /* Assets.xcassets in Resources */ = {isa = PBXBuildFile; fileRef = 91DA32A22C1D81DE00A7479C /* Assets.xcassets */; };
		91DA32A62C1D81DE00A7479C /* Base in Resources */ = {isa = PBXBuildFile; fileRef = 91DA32A52C1D81DE00A7479C /* Base */; };
		91DA32B82C1D84A400A7479C /* CompaniesViewController.swift in Sources */ = {isa = PBXBuildFile; fileRef = 91DA32B72C1D84A400A7479C /* CompaniesViewController.swift */; };
		91DA32BA2C1D850900A7479C /* CompaniesView.swift in Sources */ = {isa = PBXBuildFile; fileRef = 91DA32B92C1D850900A7479C /* CompaniesView.swift */; };
		91DA32BC2C1D852200A7479C /* CompaniesPresenter.swift in Sources */ = {isa = PBXBuildFile; fileRef = 91DA32BB2C1D852200A7479C /* CompaniesPresenter.swift */; };
		91DA32BF2C1D852F00A7479C /* CompaniesRouter.swift in Sources */ = {isa = PBXBuildFile; fileRef = 91DA32BD2C1D852F00A7479C /* CompaniesRouter.swift */; };
		91DA32C22C1D855E00A7479C /* CompaniesTableViewCell.swift in Sources */ = {isa = PBXBuildFile; fileRef = 91DA32C02C1D855E00A7479C /* CompaniesTableViewCell.swift */; };
		91DA32C52C1D857C00A7479C /* AppError.swift in Sources */ = {isa = PBXBuildFile; fileRef = 91DA32C32C1D857C00A7479C /* AppError.swift */; };
		91DA32C82C1D861300A7479C /* CompaniesDataService.swift in Sources */ = {isa = PBXBuildFile; fileRef = 91DA32C72C1D861300A7479C /* CompaniesDataService.swift */; };
		91DA32CA2C1D865B00A7479C /* CompanyData.swift in Sources */ = {isa = PBXBuildFile; fileRef = 91DA32C92C1D865B00A7479C /* CompanyData.swift */; };
		91DA32CE2C1D874200A7479C /* EmployeeData.swift in Sources */ = {isa = PBXBuildFile; fileRef = 91DA32CD2C1D874200A7479C /* EmployeeData.swift */; };
		91DA32D12C1D87CF00A7479C /* CompanyDataModel.xcdatamodeld in Sources */ = {isa = PBXBuildFile; fileRef = 91DA32CF2C1D87CF00A7479C /* CompanyDataModel.xcdatamodeld */; };
		91DA32DA2C1EBB1F00A7479C /* CompaniesDataStore.swift in Sources */ = {isa = PBXBuildFile; fileRef = 91DA32D92C1EBB1F00A7479C /* CompaniesDataStore.swift */; };
		91DA32DD2C1ED99A00A7479C /* Optional+Extensions.swift in Sources */ = {isa = PBXBuildFile; fileRef = 91DA32DC2C1ED99A00A7479C /* Optional+Extensions.swift */; };
		91DA32E12C1EF58000A7479C /* EmployeesView.swift in Sources */ = {isa = PBXBuildFile; fileRef = 91DA32E02C1EF58000A7479C /* EmployeesView.swift */; };
		91DA32E32C1EF59000A7479C /* EmployeesViewController.swift in Sources */ = {isa = PBXBuildFile; fileRef = 91DA32E22C1EF59000A7479C /* EmployeesViewController.swift */; };
		91DA32E62C1EFE7A00A7479C /* EmployeesTableViewCell.swift in Sources */ = {isa = PBXBuildFile; fileRef = 91DA32E52C1EFE7A00A7479C /* EmployeesTableViewCell.swift */; };
		91DA32E82C1EFF0600A7479C /* EmployeePresenter.swift in Sources */ = {isa = PBXBuildFile; fileRef = 91DA32E72C1EFF0600A7479C /* EmployeePresenter.swift */; };
		91DA32EA2C1EFFCF00A7479C /* EmployeesDataService.swift in Sources */ = {isa = PBXBuildFile; fileRef = 91DA32E92C1EFFCF00A7479C /* EmployeesDataService.swift */; };
		91DA32EC2C1F004300A7479C /* EmployeesDataStore.swift in Sources */ = {isa = PBXBuildFile; fileRef = 91DA32EB2C1F004300A7479C /* EmployeesDataStore.swift */; };
		91DA32EE2C1F170200A7479C /* EmployeesAssembly.swift in Sources */ = {isa = PBXBuildFile; fileRef = 91DA32ED2C1F170200A7479C /* EmployeesAssembly.swift */; };
/* End PBXBuildFile section */

/* Begin PBXFileReference section */
		91DA32962C1D81DD00A7479C /* homework-8.app */ = {isa = PBXFileReference; explicitFileType = wrapper.application; includeInIndex = 0; path = "homework-8.app"; sourceTree = BUILT_PRODUCTS_DIR; };
		91DA32992C1D81DD00A7479C /* AppDelegate.swift */ = {isa = PBXFileReference; lastKnownFileType = sourcecode.swift; path = AppDelegate.swift; sourceTree = "<group>"; };
		91DA329B2C1D81DD00A7479C /* SceneDelegate.swift */ = {isa = PBXFileReference; lastKnownFileType = sourcecode.swift; path = SceneDelegate.swift; sourceTree = "<group>"; };
		91DA32A22C1D81DE00A7479C /* Assets.xcassets */ = {isa = PBXFileReference; lastKnownFileType = folder.assetcatalog; path = Assets.xcassets; sourceTree = "<group>"; };
		91DA32A52C1D81DE00A7479C /* Base */ = {isa = PBXFileReference; lastKnownFileType = file.storyboard; name = Base; path = Base.lproj/LaunchScreen.storyboard; sourceTree = "<group>"; };
		91DA32A72C1D81DE00A7479C /* Info.plist */ = {isa = PBXFileReference; lastKnownFileType = text.plist.xml; path = Info.plist; sourceTree = "<group>"; };
		91DA32B72C1D84A400A7479C /* CompaniesViewController.swift */ = {isa = PBXFileReference; lastKnownFileType = sourcecode.swift; path = CompaniesViewController.swift; sourceTree = "<group>"; };
		91DA32B92C1D850900A7479C /* CompaniesView.swift */ = {isa = PBXFileReference; fileEncoding = 4; lastKnownFileType = sourcecode.swift; path = CompaniesView.swift; sourceTree = "<group>"; };
		91DA32BB2C1D852200A7479C /* CompaniesPresenter.swift */ = {isa = PBXFileReference; fileEncoding = 4; lastKnownFileType = sourcecode.swift; path = CompaniesPresenter.swift; sourceTree = "<group>"; };
		91DA32BD2C1D852F00A7479C /* CompaniesRouter.swift */ = {isa = PBXFileReference; fileEncoding = 4; lastKnownFileType = sourcecode.swift; path = CompaniesRouter.swift; sourceTree = "<group>"; };
		91DA32C02C1D855E00A7479C /* CompaniesTableViewCell.swift */ = {isa = PBXFileReference; fileEncoding = 4; lastKnownFileType = sourcecode.swift; path = CompaniesTableViewCell.swift; sourceTree = "<group>"; };
		91DA32C32C1D857C00A7479C /* AppError.swift */ = {isa = PBXFileReference; fileEncoding = 4; lastKnownFileType = sourcecode.swift; path = AppError.swift; sourceTree = "<group>"; };
		91DA32C72C1D861300A7479C /* CompaniesDataService.swift */ = {isa = PBXFileReference; lastKnownFileType = sourcecode.swift; path = CompaniesDataService.swift; sourceTree = "<group>"; };
		91DA32C92C1D865B00A7479C /* CompanyData.swift */ = {isa = PBXFileReference; lastKnownFileType = sourcecode.swift; path = CompanyData.swift; sourceTree = "<group>"; };
		91DA32CD2C1D874200A7479C /* EmployeeData.swift */ = {isa = PBXFileReference; lastKnownFileType = sourcecode.swift; path = EmployeeData.swift; sourceTree = "<group>"; };
		91DA32D02C1D87CF00A7479C /* CompanyDataModel.xcdatamodel */ = {isa = PBXFileReference; lastKnownFileType = wrapper.xcdatamodel; path = CompanyDataModel.xcdatamodel; sourceTree = "<group>"; };
		91DA32D92C1EBB1F00A7479C /* CompaniesDataStore.swift */ = {isa = PBXFileReference; lastKnownFileType = sourcecode.swift; path = CompaniesDataStore.swift; sourceTree = "<group>"; };
		91DA32DC2C1ED99A00A7479C /* Optional+Extensions.swift */ = {isa = PBXFileReference; lastKnownFileType = sourcecode.swift; path = "Optional+Extensions.swift"; sourceTree = "<group>"; };
		91DA32E02C1EF58000A7479C /* EmployeesView.swift */ = {isa = PBXFileReference; lastKnownFileType = sourcecode.swift; path = EmployeesView.swift; sourceTree = "<group>"; };
		91DA32E22C1EF59000A7479C /* EmployeesViewController.swift */ = {isa = PBXFileReference; lastKnownFileType = sourcecode.swift; path = EmployeesViewController.swift; sourceTree = "<group>"; };
		91DA32E52C1EFE7A00A7479C /* EmployeesTableViewCell.swift */ = {isa = PBXFileReference; lastKnownFileType = sourcecode.swift; path = EmployeesTableViewCell.swift; sourceTree = "<group>"; };
		91DA32E72C1EFF0600A7479C /* EmployeePresenter.swift */ = {isa = PBXFileReference; lastKnownFileType = sourcecode.swift; path = EmployeePresenter.swift; sourceTree = "<group>"; };
		91DA32E92C1EFFCF00A7479C /* EmployeesDataService.swift */ = {isa = PBXFileReference; lastKnownFileType = sourcecode.swift; path = EmployeesDataService.swift; sourceTree = "<group>"; };
		91DA32EB2C1F004300A7479C /* EmployeesDataStore.swift */ = {isa = PBXFileReference; lastKnownFileType = sourcecode.swift; path = EmployeesDataStore.swift; sourceTree = "<group>"; };
		91DA32ED2C1F170200A7479C /* EmployeesAssembly.swift */ = {isa = PBXFileReference; lastKnownFileType = sourcecode.swift; path = EmployeesAssembly.swift; sourceTree = "<group>"; };
/* End PBXFileReference section */

/* Begin PBXFrameworksBuildPhase section */
		91DA32932C1D81DD00A7479C /* Frameworks */ = {
			isa = PBXFrameworksBuildPhase;
			buildActionMask = 2147483647;
			files = (
			);
			runOnlyForDeploymentPostprocessing = 0;
		};
/* End PBXFrameworksBuildPhase section */

/* Begin PBXGroup section */
		91DA328D2C1D81DD00A7479C = {
			isa = PBXGroup;
			children = (
				91DA32982C1D81DD00A7479C /* homework-8 */,
				91DA32972C1D81DD00A7479C /* Products */,
			);
			sourceTree = "<group>";
		};
		91DA32972C1D81DD00A7479C /* Products */ = {
			isa = PBXGroup;
			children = (
				91DA32962C1D81DD00A7479C /* homework-8.app */,
			);
			name = Products;
			sourceTree = "<group>";
		};
		91DA32982C1D81DD00A7479C /* homework-8 */ = {
			isa = PBXGroup;
			children = (
				91DA32992C1D81DD00A7479C /* AppDelegate.swift */,
				91DA329B2C1D81DD00A7479C /* SceneDelegate.swift */,
				91DA32C42C1D857C00A7479C /* Error */,
				91DA32B32C1D845800A7479C /* Companies */,
				91DA32CB2C1D871100A7479C /* Employees */,
				91DA32C62C1D85F800A7479C /* Service */,
				91DA32D22C1D87E500A7479C /* CoreData */,
				91DA32DB2C1ED98000A7479C /* Extensions */,
				91DA32A22C1D81DE00A7479C /* Assets.xcassets */,
				91DA32A42C1D81DE00A7479C /* LaunchScreen.storyboard */,
				91DA32A72C1D81DE00A7479C /* Info.plist */,
			);
			path = "homework-8";
			sourceTree = "<group>";
		};
		91DA32B32C1D845800A7479C /* Companies */ = {
			isa = PBXGroup;
			children = (
				91DA32B42C1D846400A7479C /* Movel */,
				91DA32B52C1D846800A7479C /* View */,
				91DA32B62C1D846B00A7479C /* Presenter */,
				91DA32BE2C1D852F00A7479C /* Router */,
			);
			path = Companies;
			sourceTree = "<group>";
		};
		91DA32B42C1D846400A7479C /* Movel */ = {
			isa = PBXGroup;
			children = (
				91DA32C92C1D865B00A7479C /* CompanyData.swift */,
			);
			path = Movel;
			sourceTree = "<group>";
		};
		91DA32B52C1D846800A7479C /* View */ = {
			isa = PBXGroup;
			children = (
				91DA32B92C1D850900A7479C /* CompaniesView.swift */,
				91DA32B72C1D84A400A7479C /* CompaniesViewController.swift */,
				91DA32C12C1D855E00A7479C /* CompaniesTableView */,
			);
			path = View;
			sourceTree = "<group>";
		};
		91DA32B62C1D846B00A7479C /* Presenter */ = {
			isa = PBXGroup;
			children = (
				91DA32BB2C1D852200A7479C /* CompaniesPresenter.swift */,
			);
			path = Presenter;
			sourceTree = "<group>";
		};
		91DA32BE2C1D852F00A7479C /* Router */ = {
			isa = PBXGroup;
			children = (
				91DA32BD2C1D852F00A7479C /* CompaniesRouter.swift */,
			);
			path = Router;
			sourceTree = "<group>";
		};
		91DA32C12C1D855E00A7479C /* CompaniesTableView */ = {
			isa = PBXGroup;
			children = (
				91DA32C02C1D855E00A7479C /* CompaniesTableViewCell.swift */,
			);
			path = CompaniesTableView;
			sourceTree = "<group>";
		};
		91DA32C42C1D857C00A7479C /* Error */ = {
			isa = PBXGroup;
			children = (
				91DA32C32C1D857C00A7479C /* AppError.swift */,
			);
			path = Error;
			sourceTree = "<group>";
		};
		91DA32C62C1D85F800A7479C /* Service */ = {
			isa = PBXGroup;
			children = (
				91DA32C72C1D861300A7479C /* CompaniesDataService.swift */,
				91DA32E92C1EFFCF00A7479C /* EmployeesDataService.swift */,
			);
			path = Service;
			sourceTree = "<group>";
		};
		91DA32CB2C1D871100A7479C /* Employees */ = {
			isa = PBXGroup;
			children = (
				91DA32CC2C1D872100A7479C /* Model */,
				91DA32DE2C1EF4B200A7479C /* View */,
				91DA32DF2C1EF4BF00A7479C /* Presenter */,
				91DA32ED2C1F170200A7479C /* EmployeesAssembly.swift */,
			);
			path = Employees;
			sourceTree = "<group>";
		};
		91DA32CC2C1D872100A7479C /* Model */ = {
			isa = PBXGroup;
			children = (
				91DA32CD2C1D874200A7479C /* EmployeeData.swift */,
			);
			path = Model;
			sourceTree = "<group>";
		};
		91DA32D22C1D87E500A7479C /* CoreData */ = {
			isa = PBXGroup;
			children = (
				91DA32CF2C1D87CF00A7479C /* CompanyDataModel.xcdatamodeld */,
				91DA32D92C1EBB1F00A7479C /* CompaniesDataStore.swift */,
				91DA32EB2C1F004300A7479C /* EmployeesDataStore.swift */,
			);
			path = CoreData;
			sourceTree = "<group>";
		};
		91DA32DB2C1ED98000A7479C /* Extensions */ = {
			isa = PBXGroup;
			children = (
				91DA32DC2C1ED99A00A7479C /* Optional+Extensions.swift */,
			);
			path = Extensions;
			sourceTree = "<group>";
		};
		91DA32DE2C1EF4B200A7479C /* View */ = {
			isa = PBXGroup;
			children = (
				91DA32E42C1EFE6500A7479C /* EmployeesTableView */,
				91DA32E02C1EF58000A7479C /* EmployeesView.swift */,
				91DA32E22C1EF59000A7479C /* EmployeesViewController.swift */,
			);
			path = View;
			sourceTree = "<group>";
		};
		91DA32DF2C1EF4BF00A7479C /* Presenter */ = {
			isa = PBXGroup;
			children = (
				91DA32E72C1EFF0600A7479C /* EmployeePresenter.swift */,
			);
			path = Presenter;
			sourceTree = "<group>";
		};
		91DA32E42C1EFE6500A7479C /* EmployeesTableView */ = {
			isa = PBXGroup;
			children = (
				91DA32E52C1EFE7A00A7479C /* EmployeesTableViewCell.swift */,
			);
			path = EmployeesTableView;
			sourceTree = "<group>";
		};
/* End PBXGroup section */

/* Begin PBXNativeTarget section */
		91DA32952C1D81DD00A7479C /* homework-8 */ = {
			isa = PBXNativeTarget;
			buildConfigurationList = 91DA32AA2C1D81DE00A7479C /* Build configuration list for PBXNativeTarget "homework-8" */;
			buildPhases = (
				91DA32922C1D81DD00A7479C /* Sources */,
				91DA32932C1D81DD00A7479C /* Frameworks */,
				91DA32942C1D81DD00A7479C /* Resources */,
			);
			buildRules = (
			);
			dependencies = (
			);
			name = "homework-8";
			productName = "homework-8";
			productReference = 91DA32962C1D81DD00A7479C /* homework-8.app */;
			productType = "com.apple.product-type.application";
		};
/* End PBXNativeTarget section */

/* Begin PBXProject section */
		91DA328E2C1D81DD00A7479C /* Project object */ = {
			isa = PBXProject;
			attributes = {
				BuildIndependentTargetsInParallel = 1;
				LastSwiftUpdateCheck = 1530;
				LastUpgradeCheck = 1530;
				TargetAttributes = {
					91DA32952C1D81DD00A7479C = {
						CreatedOnToolsVersion = 15.3;
					};
				};
			};
			buildConfigurationList = 91DA32912C1D81DD00A7479C /* Build configuration list for PBXProject "homework-8" */;
			compatibilityVersion = "Xcode 14.0";
			developmentRegion = en;
			hasScannedForEncodings = 0;
			knownRegions = (
				en,
				Base,
			);
			mainGroup = 91DA328D2C1D81DD00A7479C;
			productRefGroup = 91DA32972C1D81DD00A7479C /* Products */;
			projectDirPath = "";
			projectRoot = "";
			targets = (
				91DA32952C1D81DD00A7479C /* homework-8 */,
			);
		};
/* End PBXProject section */

/* Begin PBXResourcesBuildPhase section */
		91DA32942C1D81DD00A7479C /* Resources */ = {
			isa = PBXResourcesBuildPhase;
			buildActionMask = 2147483647;
			files = (
				91DA32A32C1D81DE00A7479C /* Assets.xcassets in Resources */,
				91DA32A62C1D81DE00A7479C /* Base in Resources */,
			);
			runOnlyForDeploymentPostprocessing = 0;
		};
/* End PBXResourcesBuildPhase section */

/* Begin PBXSourcesBuildPhase section */
		91DA32922C1D81DD00A7479C /* Sources */ = {
			isa = PBXSourcesBuildPhase;
			buildActionMask = 2147483647;
			files = (
				91DA32CA2C1D865B00A7479C /* CompanyData.swift in Sources */,
				91DA32DD2C1ED99A00A7479C /* Optional+Extensions.swift in Sources */,
				91DA32E62C1EFE7A00A7479C /* EmployeesTableViewCell.swift in Sources */,
				91DA32E12C1EF58000A7479C /* EmployeesView.swift in Sources */,
				91DA32DA2C1EBB1F00A7479C /* CompaniesDataStore.swift in Sources */,
				91DA32EC2C1F004300A7479C /* EmployeesDataStore.swift in Sources */,
				91DA32C22C1D855E00A7479C /* CompaniesTableViewCell.swift in Sources */,
				91DA32CE2C1D874200A7479C /* EmployeeData.swift in Sources */,
				91DA32C52C1D857C00A7479C /* AppError.swift in Sources */,
				91DA32EE2C1F170200A7479C /* EmployeesAssembly.swift in Sources */,
				91DA32BF2C1D852F00A7479C /* CompaniesRouter.swift in Sources */,
				91DA32D12C1D87CF00A7479C /* CompanyDataModel.xcdatamodeld in Sources */,
				91DA329A2C1D81DD00A7479C /* AppDelegate.swift in Sources */,
				91DA32E32C1EF59000A7479C /* EmployeesViewController.swift in Sources */,
				91DA32E82C1EFF0600A7479C /* EmployeePresenter.swift in Sources */,
				91DA32BA2C1D850900A7479C /* CompaniesView.swift in Sources */,
				91DA32B82C1D84A400A7479C /* CompaniesViewController.swift in Sources */,
				91DA32BC2C1D852200A7479C /* CompaniesPresenter.swift in Sources */,
				91DA32EA2C1EFFCF00A7479C /* EmployeesDataService.swift in Sources */,
				91DA329C2C1D81DD00A7479C /* SceneDelegate.swift in Sources */,
				91DA32C82C1D861300A7479C /* CompaniesDataService.swift in Sources */,
			);
			runOnlyForDeploymentPostprocessing = 0;
		};
/* End PBXSourcesBuildPhase section */

/* Begin PBXVariantGroup section */
		91DA32A42C1D81DE00A7479C /* LaunchScreen.storyboard */ = {
			isa = PBXVariantGroup;
			children = (
				91DA32A52C1D81DE00A7479C /* Base */,
			);
			name = LaunchScreen.storyboard;
			sourceTree = "<group>";
		};
/* End PBXVariantGroup section */

/* Begin XCBuildConfiguration section */
		91DA32A82C1D81DE00A7479C /* Debug */ = {
			isa = XCBuildConfiguration;
			buildSettings = {
				ALWAYS_SEARCH_USER_PATHS = NO;
				ASSETCATALOG_COMPILER_GENERATE_SWIFT_ASSET_SYMBOL_EXTENSIONS = YES;
				CLANG_ANALYZER_NONNULL = YES;
				CLANG_ANALYZER_NUMBER_OBJECT_CONVERSION = YES_AGGRESSIVE;
				CLANG_CXX_LANGUAGE_STANDARD = "gnu++20";
				CLANG_ENABLE_MODULES = YES;
				CLANG_ENABLE_OBJC_ARC = YES;
				CLANG_ENABLE_OBJC_WEAK = YES;
				CLANG_WARN_BLOCK_CAPTURE_AUTORELEASING = YES;
				CLANG_WARN_BOOL_CONVERSION = YES;
				CLANG_WARN_COMMA = YES;
				CLANG_WARN_CONSTANT_CONVERSION = YES;
				CLANG_WARN_DEPRECATED_OBJC_IMPLEMENTATIONS = YES;
				CLANG_WARN_DIRECT_OBJC_ISA_USAGE = YES_ERROR;
				CLANG_WARN_DOCUMENTATION_COMMENTS = YES;
				CLANG_WARN_EMPTY_BODY = YES;
				CLANG_WARN_ENUM_CONVERSION = YES;
				CLANG_WARN_INFINITE_RECURSION = YES;
				CLANG_WARN_INT_CONVERSION = YES;
				CLANG_WARN_NON_LITERAL_NULL_CONVERSION = YES;
				CLANG_WARN_OBJC_IMPLICIT_RETAIN_SELF = YES;
				CLANG_WARN_OBJC_LITERAL_CONVERSION = YES;
				CLANG_WARN_OBJC_ROOT_CLASS = YES_ERROR;
				CLANG_WARN_QUOTED_INCLUDE_IN_FRAMEWORK_HEADER = YES;
				CLANG_WARN_RANGE_LOOP_ANALYSIS = YES;
				CLANG_WARN_STRICT_PROTOTYPES = YES;
				CLANG_WARN_SUSPICIOUS_MOVE = YES;
				CLANG_WARN_UNGUARDED_AVAILABILITY = YES_AGGRESSIVE;
				CLANG_WARN_UNREACHABLE_CODE = YES;
				CLANG_WARN__DUPLICATE_METHOD_MATCH = YES;
				COPY_PHASE_STRIP = NO;
				DEBUG_INFORMATION_FORMAT = dwarf;
				ENABLE_STRICT_OBJC_MSGSEND = YES;
				ENABLE_TESTABILITY = YES;
				ENABLE_USER_SCRIPT_SANDBOXING = YES;
				GCC_C_LANGUAGE_STANDARD = gnu17;
				GCC_DYNAMIC_NO_PIC = NO;
				GCC_NO_COMMON_BLOCKS = YES;
				GCC_OPTIMIZATION_LEVEL = 0;
				GCC_PREPROCESSOR_DEFINITIONS = (
					"DEBUG=1",
					"$(inherited)",
				);
				GCC_WARN_64_TO_32_BIT_CONVERSION = YES;
				GCC_WARN_ABOUT_RETURN_TYPE = YES_ERROR;
				GCC_WARN_UNDECLARED_SELECTOR = YES;
				GCC_WARN_UNINITIALIZED_AUTOS = YES_AGGRESSIVE;
				GCC_WARN_UNUSED_FUNCTION = YES;
				GCC_WARN_UNUSED_VARIABLE = YES;
				IPHONEOS_DEPLOYMENT_TARGET = 17.4;
				LOCALIZATION_PREFERS_STRING_CATALOGS = YES;
				MTL_ENABLE_DEBUG_INFO = INCLUDE_SOURCE;
				MTL_FAST_MATH = YES;
				ONLY_ACTIVE_ARCH = YES;
				SDKROOT = iphoneos;
				SWIFT_ACTIVE_COMPILATION_CONDITIONS = "DEBUG $(inherited)";
				SWIFT_OPTIMIZATION_LEVEL = "-Onone";
			};
			name = Debug;
		};
		91DA32A92C1D81DE00A7479C /* Release */ = {
			isa = XCBuildConfiguration;
			buildSettings = {
				ALWAYS_SEARCH_USER_PATHS = NO;
				ASSETCATALOG_COMPILER_GENERATE_SWIFT_ASSET_SYMBOL_EXTENSIONS = YES;
				CLANG_ANALYZER_NONNULL = YES;
				CLANG_ANALYZER_NUMBER_OBJECT_CONVERSION = YES_AGGRESSIVE;
				CLANG_CXX_LANGUAGE_STANDARD = "gnu++20";
				CLANG_ENABLE_MODULES = YES;
				CLANG_ENABLE_OBJC_ARC = YES;
				CLANG_ENABLE_OBJC_WEAK = YES;
				CLANG_WARN_BLOCK_CAPTURE_AUTORELEASING = YES;
				CLANG_WARN_BOOL_CONVERSION = YES;
				CLANG_WARN_COMMA = YES;
				CLANG_WARN_CONSTANT_CONVERSION = YES;
				CLANG_WARN_DEPRECATED_OBJC_IMPLEMENTATIONS = YES;
				CLANG_WARN_DIRECT_OBJC_ISA_USAGE = YES_ERROR;
				CLANG_WARN_DOCUMENTATION_COMMENTS = YES;
				CLANG_WARN_EMPTY_BODY = YES;
				CLANG_WARN_ENUM_CONVERSION = YES;
				CLANG_WARN_INFINITE_RECURSION = YES;
				CLANG_WARN_INT_CONVERSION = YES;
				CLANG_WARN_NON_LITERAL_NULL_CONVERSION = YES;
				CLANG_WARN_OBJC_IMPLICIT_RETAIN_SELF = YES;
				CLANG_WARN_OBJC_LITERAL_CONVERSION = YES;
				CLANG_WARN_OBJC_ROOT_CLASS = YES_ERROR;
				CLANG_WARN_QUOTED_INCLUDE_IN_FRAMEWORK_HEADER = YES;
				CLANG_WARN_RANGE_LOOP_ANALYSIS = YES;
				CLANG_WARN_STRICT_PROTOTYPES = YES;
				CLANG_WARN_SUSPICIOUS_MOVE = YES;
				CLANG_WARN_UNGUARDED_AVAILABILITY = YES_AGGRESSIVE;
				CLANG_WARN_UNREACHABLE_CODE = YES;
				CLANG_WARN__DUPLICATE_METHOD_MATCH = YES;
				COPY_PHASE_STRIP = NO;
				DEBUG_INFORMATION_FORMAT = "dwarf-with-dsym";
				ENABLE_NS_ASSERTIONS = NO;
				ENABLE_STRICT_OBJC_MSGSEND = YES;
				ENABLE_USER_SCRIPT_SANDBOXING = YES;
				GCC_C_LANGUAGE_STANDARD = gnu17;
				GCC_NO_COMMON_BLOCKS = YES;
				GCC_WARN_64_TO_32_BIT_CONVERSION = YES;
				GCC_WARN_ABOUT_RETURN_TYPE = YES_ERROR;
				GCC_WARN_UNDECLARED_SELECTOR = YES;
				GCC_WARN_UNINITIALIZED_AUTOS = YES_AGGRESSIVE;
				GCC_WARN_UNUSED_FUNCTION = YES;
				GCC_WARN_UNUSED_VARIABLE = YES;
				IPHONEOS_DEPLOYMENT_TARGET = 17.4;
				LOCALIZATION_PREFERS_STRING_CATALOGS = YES;
				MTL_ENABLE_DEBUG_INFO = NO;
				MTL_FAST_MATH = YES;
				SDKROOT = iphoneos;
				SWIFT_COMPILATION_MODE = wholemodule;
				VALIDATE_PRODUCT = YES;
			};
			name = Release;
		};
		91DA32AB2C1D81DE00A7479C /* Debug */ = {
			isa = XCBuildConfiguration;
			buildSettings = {
				ASSETCATALOG_COMPILER_APPICON_NAME = AppIcon;
				ASSETCATALOG_COMPILER_GLOBAL_ACCENT_COLOR_NAME = AccentColor;
				CODE_SIGN_STYLE = Automatic;
				CURRENT_PROJECT_VERSION = 1;
				DEVELOPMENT_TEAM = FV5M76HD5M;
				GENERATE_INFOPLIST_FILE = YES;
				INFOPLIST_FILE = "homework-8/Info.plist";
				INFOPLIST_KEY_UIApplicationSupportsIndirectInputEvents = YES;
				INFOPLIST_KEY_UILaunchStoryboardName = LaunchScreen;
				INFOPLIST_KEY_UISupportedInterfaceOrientations_iPad = "UIInterfaceOrientationPortrait UIInterfaceOrientationPortraitUpsideDown UIInterfaceOrientationLandscapeLeft UIInterfaceOrientationLandscapeRight";
				INFOPLIST_KEY_UISupportedInterfaceOrientations_iPhone = "UIInterfaceOrientationPortrait UIInterfaceOrientationLandscapeLeft UIInterfaceOrientationLandscapeRight";
				LD_RUNPATH_SEARCH_PATHS = (
					"$(inherited)",
					"@executable_path/Frameworks",
				);
				MARKETING_VERSION = 1.0;
				PRODUCT_BUNDLE_IDENTIFIER = "ru.ketamine.practicum.homework-8";
				PRODUCT_NAME = "$(TARGET_NAME)";
				SWIFT_EMIT_LOC_STRINGS = YES;
				SWIFT_VERSION = 5.0;
				TARGETED_DEVICE_FAMILY = "1,2";
			};
			name = Debug;
		};
		91DA32AC2C1D81DE00A7479C /* Release */ = {
			isa = XCBuildConfiguration;
			buildSettings = {
				ASSETCATALOG_COMPILER_APPICON_NAME = AppIcon;
				ASSETCATALOG_COMPILER_GLOBAL_ACCENT_COLOR_NAME = AccentColor;
				CODE_SIGN_STYLE = Automatic;
				CURRENT_PROJECT_VERSION = 1;
				DEVELOPMENT_TEAM = FV5M76HD5M;
				GENERATE_INFOPLIST_FILE = YES;
				INFOPLIST_FILE = "homework-8/Info.plist";
				INFOPLIST_KEY_UIApplicationSupportsIndirectInputEvents = YES;
				INFOPLIST_KEY_UILaunchStoryboardName = LaunchScreen;
				INFOPLIST_KEY_UISupportedInterfaceOrientations_iPad = "UIInterfaceOrientationPortrait UIInterfaceOrientationPortraitUpsideDown UIInterfaceOrientationLandscapeLeft UIInterfaceOrientationLandscapeRight";
				INFOPLIST_KEY_UISupportedInterfaceOrientations_iPhone = "UIInterfaceOrientationPortrait UIInterfaceOrientationLandscapeLeft UIInterfaceOrientationLandscapeRight";
				LD_RUNPATH_SEARCH_PATHS = (
					"$(inherited)",
					"@executable_path/Frameworks",
				);
				MARKETING_VERSION = 1.0;
				PRODUCT_BUNDLE_IDENTIFIER = "ru.ketamine.practicum.homework-8";
				PRODUCT_NAME = "$(TARGET_NAME)";
				SWIFT_EMIT_LOC_STRINGS = YES;
				SWIFT_VERSION = 5.0;
				TARGETED_DEVICE_FAMILY = "1,2";
			};
			name = Release;
		};
/* End XCBuildConfiguration section */

/* Begin XCConfigurationList section */
		91DA32912C1D81DD00A7479C /* Build configuration list for PBXProject "homework-8" */ = {
			isa = XCConfigurationList;
			buildConfigurations = (
				91DA32A82C1D81DE00A7479C /* Debug */,
				91DA32A92C1D81DE00A7479C /* Release */,
			);
			defaultConfigurationIsVisible = 0;
			defaultConfigurationName = Release;
		};
		91DA32AA2C1D81DE00A7479C /* Build configuration list for PBXNativeTarget "homework-8" */ = {
			isa = XCConfigurationList;
			buildConfigurations = (
				91DA32AB2C1D81DE00A7479C /* Debug */,
				91DA32AC2C1D81DE00A7479C /* Release */,
			);
			defaultConfigurationIsVisible = 0;
			defaultConfigurationName = Release;
		};
/* End XCConfigurationList section */

/* Begin XCVersionGroup section */
		91DA32CF2C1D87CF00A7479C /* CompanyDataModel.xcdatamodeld */ = {
			isa = XCVersionGroup;
			children = (
				91DA32D02C1D87CF00A7479C /* CompanyDataModel.xcdatamodel */,
			);
			currentVersion = 91DA32D02C1D87CF00A7479C /* CompanyDataModel.xcdatamodel */;
			path = CompanyDataModel.xcdatamodeld;
			sourceTree = "<group>";
			versionGroupType = wrapper.xcdatamodel;
		};
/* End XCVersionGroup section */
	};
	rootObject = 91DA328E2C1D81DD00A7479C /* Project object */;
}
